
Microsoft Visual Studio Solution File, Format Version 12.00
# Visual Studio Version 16
VisualStudioVersion = 25.0.1705.3
MinimumVisualStudioVersion = 10.0.40219.1
Project("{FAE04EC0-301F-11D3-BF4B-00C04F79EFBC}") = "POO2", "POO2\POO2.csproj", "{53D43B02-E9D4-43E0-95B0-2C97BA123F89}"
EndProject
Global
	GlobalSection(SolutionConfigurationPlatforms) = preSolution
		Debug|Any CPU = Debug|Any CPU
		Release|Any CPU = Release|Any CPU
	EndGlobalSection
	GlobalSection(ProjectConfigurationPlatforms) = postSolution
		{53D43B02-E9D4-43E0-95B0-2C97BA123F89}.Debug|Any CPU.ActiveCfg = Debug|Any CPU
		{53D43B02-E9D4-43E0-95B0-2C97BA123F89}.Debug|Any CPU.Build.0 = Debug|Any CPU
		{53D43B02-E9D4-43E0-95B0-2C97BA123F89}.Release|Any CPU.ActiveCfg = Release|Any CPU
		{53D43B02-E9D4-43E0-95B0-2C97BA123F89}.Release|Any CPU.Build.0 = Release|Any CPU
	EndGlobalSection
	GlobalSection(SolutionProperties) = preSolution
		HideSolutionNode = FALSE
	EndGlobalSection
	GlobalSection(ExtensibilityGlobals) = postSolution
		SolutionGuid = {11B7F939-F27F-4EA4-AF42-FCEDFD03EF46}
	EndGlobalSection
EndGlobal
